{
  "requires": true,
  "lockfileVersion": 1,
  "dependencies": {
    "@sanity/cli": {
      "version": "2.24.1",
      "resolved": "https://registry.npmjs.org/@sanity/cli/-/cli-2.24.1.tgz",
      "integrity": "sha512-64LTFlNLKFvoHR/XmHA5HXYacoWSauZXSTrtW5jjPvLcrMGJaHXCeXiXtjDc3ZdF8HTlWHKdrSq1ZzDeUelGkg=="
    }
  }
}
